
Microsoft Visual Studio Solution File, Format Version 12.00
# Visual Studio 2012
Project("{FAE04EC0-301F-11D3-BF4B-00C04F79EFBC}") = "TensorFlowSharp", "TensorFlowSharp\TensorFlowSharp.csproj", "{0264C321-34F4-46AF-819E-168D1E597232}"
EndProject
Project("{FAE04EC0-301F-11D3-BF4B-00C04F79EFBC}") = "SampleTest", "SampleTest\SampleTest.csproj", "{243E2C90-F465-4A6E-9063-8F2C138015C7}"
EndProject
Project("{FAE04EC0-301F-11D3-BF4B-00C04F79EFBC}") = "OpGenerator", "OpGenerator\OpGenerator.csproj", "{700E5928-3D5D-4B54-AD4D-BC48E79E389E}"
EndProject
Project("{FAE04EC0-301F-11D3-BF4B-00C04F79EFBC}") = "Learn", "Learn\Learn.csproj", "{20567EDE-7C20-4734-B489-C6D303843105}"
EndProject
Global
	GlobalSection(SolutionConfigurationPlatforms) = preSolution
		Debug|Any CPU = Debug|Any CPU
		Release|Any CPU = Release|Any CPU
	EndGlobalSection
	GlobalSection(ProjectConfigurationPlatforms) = postSolution
		{0264C321-34F4-46AF-819E-168D1E597232}.Debug|Any CPU.ActiveCfg = Debug|Any CPU
		{0264C321-34F4-46AF-819E-168D1E597232}.Debug|Any CPU.Build.0 = Debug|Any CPU
		{0264C321-34F4-46AF-819E-168D1E597232}.Release|Any CPU.ActiveCfg = Release|Any CPU
		{0264C321-34F4-46AF-819E-168D1E597232}.Release|Any CPU.Build.0 = Release|Any CPU
		{243E2C90-F465-4A6E-9063-8F2C138015C7}.Debug|Any CPU.ActiveCfg = Debug|Any CPU
		{243E2C90-F465-4A6E-9063-8F2C138015C7}.Debug|Any CPU.Build.0 = Debug|Any CPU
		{243E2C90-F465-4A6E-9063-8F2C138015C7}.Release|Any CPU.ActiveCfg = Release|Any CPU
		{243E2C90-F465-4A6E-9063-8F2C138015C7}.Release|Any CPU.Build.0 = Release|Any CPU
		{700E5928-3D5D-4B54-AD4D-BC48E79E389E}.Debug|Any CPU.ActiveCfg = Debug|Any CPU
		{700E5928-3D5D-4B54-AD4D-BC48E79E389E}.Debug|Any CPU.Build.0 = Debug|Any CPU
		{700E5928-3D5D-4B54-AD4D-BC48E79E389E}.Release|Any CPU.ActiveCfg = Release|Any CPU
		{700E5928-3D5D-4B54-AD4D-BC48E79E389E}.Release|Any CPU.Build.0 = Release|Any CPU
		{20567EDE-7C20-4734-B489-C6D303843105}.Debug|Any CPU.ActiveCfg = Debug|Any CPU
		{20567EDE-7C20-4734-B489-C6D303843105}.Debug|Any CPU.Build.0 = Debug|Any CPU
		{20567EDE-7C20-4734-B489-C6D303843105}.Release|Any CPU.ActiveCfg = Release|Any CPU
		{20567EDE-7C20-4734-B489-C6D303843105}.Release|Any CPU.Build.0 = Release|Any CPU
	EndGlobalSection
EndGlobal
