Microsoft Visual Studio Solution File, Format Version 12.00
# Visual Studio 15
VisualStudioVersion = 15.0.27130.2003
MinimumVisualStudioVersion = 10.0.40219.1
Project("{2150E333-8FDC-42A3-9474-1A3956D46DE8}") = "Examples", "Examples", "{674EC1D7-9649-462E-A7A8-93D0DE84FE64}"
EndProject
Project("{2150E333-8FDC-42A3-9474-1A3956D46DE8}") = "tests", "tests", "{6E72CAD1-7962-4256-AF2A-3B813FFC88EA}"
EndProject
Project("{2150E333-8FDC-42A3-9474-1A3956D46DE8}") = "Solution Items", "Solution Items", "{72E3A6DC-5772-4388-80C1-4164C2CE0242}"
	ProjectSection(SolutionItems) = preProject
		.editorconfig = .editorconfig
	EndProjectSection
EndProject
Project("{9A19103F-16F7-4668-BE54-9A1E7A4F7556}") = "ExampleCommon", "Examples\ExampleCommon\ExampleCommon.csproj", "{6A3B5858-2B1B-45DF-8F29-8A1D6E1FE4D5}"
EndProject
Project("{9A19103F-16F7-4668-BE54-9A1E7A4F7556}") = "ExampleInceptionInference", "Examples\ExampleInceptionInference\ExampleInceptionInference.csproj", "{87E494F8-3A99-4051-B8ED-77B61E343615}"
EndProject
Project("{9A19103F-16F7-4668-BE54-9A1E7A4F7556}") = "ExampleObjectDetection", "Examples\ExampleObjectDetection\ExampleObjectDetection.csproj", "{8A72AF3C-1BD9-4405-A679-93C8603FE114}"
EndProject
Project("{F2A71F9B-5D33-465A-A702-920D77279786}") = "ImageCompression", "Examples\ImageCompression\ImageCompression.fsproj", "{A38FC9E4-A3FC-4DCB-B236-D3FE9EB423B4}"
EndProject
Project("{F2A71F9B-5D33-465A-A702-920D77279786}") = "FExampleInceptionInference", "Examples\FExampleInceptionInference\FExampleInceptionInference.fsproj", "{096EEBB3-2C72-4DDB-B300-3442E7530794}"
EndProject
Project("{FAE04EC0-301F-11D3-BF4B-00C04F79EFBC}") = "Learn", "Learn\Learn.csproj", "{5AB14430-5039-4A82-8109-5C7289843012}"
EndProject
Project("{FAE04EC0-301F-11D3-BF4B-00C04F79EFBC}") = "OpGenerator", "OpGenerator\OpGenerator.csproj", "{E735AF0D-7CAB-4840-9325-9CC371980DBB}"
EndProject
Project("{FAE04EC0-301F-11D3-BF4B-00C04F79EFBC}") = "SampleTest", "SampleTest\SampleTest.csproj", "{908853D0-F9D6-4157-AFFE-46A28A82EF19}"
EndProject
Project("{FAE04EC0-301F-11D3-BF4B-00C04F79EFBC}") = "TensorFlowSharp", "TensorFlowSharp\TensorFlowSharp.csproj", "{5782A1E3-00C3-4908-A7C4-1E7F6E94E744}"
EndProject
Project("{F2A71F9B-5D33-465A-A702-920D77279786}") = "TensorFlowSharp.Tests", "tests\TensorFlowSharp.Tests\TensorFlowSharp.Tests.fsproj", "{3A10F7D2-8468-4E65-A8AB-D5E3AA33577B}"
EndProject
Project("{FAE04EC0-301F-11D3-BF4B-00C04F79EFBC}") = "TensorFlowSharp.Tests.CSharp", "tests\TensorFlowSharp.Tests.CSharp\TensorFlowSharp.Tests.CSharp.csproj", "{FAFB9DA3-1257-4022-A285-AF2091329A47}"
EndProject
Global
	GlobalSection(SolutionConfigurationPlatforms) = preSolution
		Debug|Any CPU = Debug|Any CPU
		Release|Any CPU = Release|Any CPU
	EndGlobalSection
	GlobalSection(ProjectConfigurationPlatforms) = postSolution
		{6A3B5858-2B1B-45DF-8F29-8A1D6E1FE4D5}.Debug|Any CPU.ActiveCfg = Debug|Any CPU
		{6A3B5858-2B1B-45DF-8F29-8A1D6E1FE4D5}.Debug|Any CPU.Build.0 = Debug|Any CPU
		{6A3B5858-2B1B-45DF-8F29-8A1D6E1FE4D5}.Release|Any CPU.ActiveCfg = Release|Any CPU
		{6A3B5858-2B1B-45DF-8F29-8A1D6E1FE4D5}.Release|Any CPU.Build.0 = Release|Any CPU
		{87E494F8-3A99-4051-B8ED-77B61E343615}.Debug|Any CPU.ActiveCfg = Debug|Any CPU
		{87E494F8-3A99-4051-B8ED-77B61E343615}.Debug|Any CPU.Build.0 = Debug|Any CPU
		{87E494F8-3A99-4051-B8ED-77B61E343615}.Release|Any CPU.ActiveCfg = Release|Any CPU
		{87E494F8-3A99-4051-B8ED-77B61E343615}.Release|Any CPU.Build.0 = Release|Any CPU
		{8A72AF3C-1BD9-4405-A679-93C8603FE114}.Debug|Any CPU.ActiveCfg = Debug|Any CPU
		{8A72AF3C-1BD9-4405-A679-93C8603FE114}.Debug|Any CPU.Build.0 = Debug|Any CPU
		{8A72AF3C-1BD9-4405-A679-93C8603FE114}.Release|Any CPU.ActiveCfg = Release|Any CPU
		{8A72AF3C-1BD9-4405-A679-93C8603FE114}.Release|Any CPU.Build.0 = Release|Any CPU
		{A38FC9E4-A3FC-4DCB-B236-D3FE9EB423B4}.Debug|Any CPU.ActiveCfg = Debug|Any CPU
		{A38FC9E4-A3FC-4DCB-B236-D3FE9EB423B4}.Debug|Any CPU.Build.0 = Debug|Any CPU
		{A38FC9E4-A3FC-4DCB-B236-D3FE9EB423B4}.Release|Any CPU.ActiveCfg = Release|Any CPU
		{A38FC9E4-A3FC-4DCB-B236-D3FE9EB423B4}.Release|Any CPU.Build.0 = Release|Any CPU
		{096EEBB3-2C72-4DDB-B300-3442E7530794}.Debug|Any CPU.ActiveCfg = Debug|Any CPU
		{096EEBB3-2C72-4DDB-B300-3442E7530794}.Debug|Any CPU.Build.0 = Debug|Any CPU
		{096EEBB3-2C72-4DDB-B300-3442E7530794}.Release|Any CPU.ActiveCfg = Release|Any CPU
		{096EEBB3-2C72-4DDB-B300-3442E7530794}.Release|Any CPU.Build.0 = Release|Any CPU
		{5AB14430-5039-4A82-8109-5C7289843012}.Debug|Any CPU.ActiveCfg = Debug|Any CPU
		{5AB14430-5039-4A82-8109-5C7289843012}.Debug|Any CPU.Build.0 = Debug|Any CPU
		{5AB14430-5039-4A82-8109-5C7289843012}.Release|Any CPU.ActiveCfg = Release|Any CPU
		{5AB14430-5039-4A82-8109-5C7289843012}.Release|Any CPU.Build.0 = Release|Any CPU
		{E735AF0D-7CAB-4840-9325-9CC371980DBB}.Debug|Any CPU.ActiveCfg = Debug|Any CPU
		{E735AF0D-7CAB-4840-9325-9CC371980DBB}.Debug|Any CPU.Build.0 = Debug|Any CPU
		{E735AF0D-7CAB-4840-9325-9CC371980DBB}.Release|Any CPU.ActiveCfg = Release|Any CPU
		{E735AF0D-7CAB-4840-9325-9CC371980DBB}.Release|Any CPU.Build.0 = Release|Any CPU
		{908853D0-F9D6-4157-AFFE-46A28A82EF19}.Debug|Any CPU.ActiveCfg = Debug|Any CPU
		{908853D0-F9D6-4157-AFFE-46A28A82EF19}.Debug|Any CPU.Build.0 = Debug|Any CPU
		{908853D0-F9D6-4157-AFFE-46A28A82EF19}.Release|Any CPU.ActiveCfg = Release|Any CPU
		{908853D0-F9D6-4157-AFFE-46A28A82EF19}.Release|Any CPU.Build.0 = Release|Any CPU
		{5782A1E3-00C3-4908-A7C4-1E7F6E94E744}.Debug|Any CPU.ActiveCfg = Debug|Any CPU
		{5782A1E3-00C3-4908-A7C4-1E7F6E94E744}.Debug|Any CPU.Build.0 = Debug|Any CPU
		{5782A1E3-00C3-4908-A7C4-1E7F6E94E744}.Release|Any CPU.ActiveCfg = Release|Any CPU
		{5782A1E3-00C3-4908-A7C4-1E7F6E94E744}.Release|Any CPU.Build.0 = Release|Any CPU
		{3A10F7D2-8468-4E65-A8AB-D5E3AA33577B}.Debug|Any CPU.ActiveCfg = Debug|Any CPU
		{3A10F7D2-8468-4E65-A8AB-D5E3AA33577B}.Debug|Any CPU.Build.0 = Debug|Any CPU
		{3A10F7D2-8468-4E65-A8AB-D5E3AA33577B}.Release|Any CPU.ActiveCfg = Release|Any CPU
		{3A10F7D2-8468-4E65-A8AB-D5E3AA33577B}.Release|Any CPU.Build.0 = Release|Any CPU
		{FAFB9DA3-1257-4022-A285-AF2091329A47}.Debug|Any CPU.ActiveCfg = Debug|Any CPU
		{FAFB9DA3-1257-4022-A285-AF2091329A47}.Debug|Any CPU.Build.0 = Debug|Any CPU
		{FAFB9DA3-1257-4022-A285-AF2091329A47}.Release|Any CPU.ActiveCfg = Release|Any CPU
		{FAFB9DA3-1257-4022-A285-AF2091329A47}.Release|Any CPU.Build.0 = Release|Any CPU
	EndGlobalSection
	GlobalSection(SolutionProperties) = preSolution
		HideSolutionNode = FALSE
	EndGlobalSection
	GlobalSection(NestedProjects) = preSolution
		{6A3B5858-2B1B-45DF-8F29-8A1D6E1FE4D5} = {674EC1D7-9649-462E-A7A8-93D0DE84FE64}
		{87E494F8-3A99-4051-B8ED-77B61E343615} = {674EC1D7-9649-462E-A7A8-93D0DE84FE64}
		{8A72AF3C-1BD9-4405-A679-93C8603FE114} = {674EC1D7-9649-462E-A7A8-93D0DE84FE64}
		{A38FC9E4-A3FC-4DCB-B236-D3FE9EB423B4} = {674EC1D7-9649-462E-A7A8-93D0DE84FE64}
		{096EEBB3-2C72-4DDB-B300-3442E7530794} = {674EC1D7-9649-462E-A7A8-93D0DE84FE64}
		{3A10F7D2-8468-4E65-A8AB-D5E3AA33577B} = {6E72CAD1-7962-4256-AF2A-3B813FFC88EA}
		{FAFB9DA3-1257-4022-A285-AF2091329A47} = {6E72CAD1-7962-4256-AF2A-3B813FFC88EA}
	EndGlobalSection
	GlobalSection(ExtensibilityGlobals) = postSolution
		SolutionGuid = {19B7031D-FE57-405F-BC61-1C14F2D3DA61}
	EndGlobalSection
	GlobalSection(MonoDevelopProperties) = preSolution
		Policies = $0
		$0.DotNetNamingPolicy = $1
		$1.DirectoryNamespaceAssociation = PrefixedHierarchical
		$0.TextStylePolicy = $2
		$2.scope = text/x-csharp
		$2.FileWidth = 80
		$2.TabWidth = 8
		$2.IndentWidth = 8
		$0.CSharpFormattingPolicy = $3
		$3.scope = text/x-csharp
		$3.IndentSwitchSection = False
		$3.NewLinesForBracesInProperties = False
		$3.NewLinesForBracesInAccessors = False
		$3.NewLinesForBracesInAnonymousMethods = False
		$3.NewLinesForBracesInControlBlocks = False
		$3.NewLinesForBracesInAnonymousTypes = False
		$3.NewLinesForBracesInObjectCollectionArrayInitializers = False
		$3.NewLinesForBracesInLambdaExpressionBody = False
		$3.NewLineForElse = False
		$3.NewLineForCatch = False
		$3.NewLineForFinally = False
		$3.NewLineForMembersInObjectInit = False
		$3.NewLineForMembersInAnonymousTypes = False
		$3.NewLineForClausesInQuery = False
		$3.SpacingAfterMethodDeclarationName = True
		$3.SpaceAfterMethodCallName = True
		$3.SpaceBeforeOpenSquareBracket = True
		version = 0.2
	EndGlobalSection
EndGlobal
